
Microsoft Visual Studio Solution File, Format Version 12.00
# Visual Studio 15
VisualStudioVersion = 15.0.27130.2024
MinimumVisualStudioVersion = 10.0.40219.1
Project("{9A19103F-16F7-4668-BE54-9A1E7A4F7556}") = "AngularMVCCoreTechTalks", "AngularMVCCoreTechTalks\AngularMVCCoreTechTalks.csproj", "{E161D322-CA37-4BB0-B73B-36314F80B603}"
EndProject
Project("{2150E333-8FDC-42A3-9474-1A3956D46DE8}") = "DataBase", "DataBase", "{B8700FE5-FC2F-4F46-A587-5B47B0074B7E}"
	ProjectSection(SolutionItems) = preProject
		DataBase\CreateScript.sql = DataBase\CreateScript.sql
		DataBase\InsertTestDataScript.sql = DataBase\InsertTestDataScript.sql
	EndProjectSection
EndProject
Project("{9A19103F-16F7-4668-BE54-9A1E7A4F7556}") = "DataAccess", "DataAccess\DataAccess.csproj", "{E0F84CC8-2896-4A36-AC92-585B914AFE89}"
EndProject
Project("{9A19103F-16F7-4668-BE54-9A1E7A4F7556}") = "BusinessLogic", "BusinessLogic\BusinessLogic.csproj", "{88AB545C-B9F8-4CAA-BF40-DAA3E4B2786D}"
EndProject
Project("{9A19103F-16F7-4668-BE54-9A1E7A4F7556}") = "DataAccess.IntegrationTests", "DataAccess.IntegrationTests\DataAccess.IntegrationTests.csproj", "{DE076320-7676-4552-A70F-D769B3578982}"
EndProject
Project("{9A19103F-16F7-4668-BE54-9A1E7A4F7556}") = "WebApi.UnitTests", "WebApi.UnitTests\WebApi.UnitTests.csproj", "{4120CE57-58F9-4DA8-A789-5C05E210C3CC}"
EndProject
Project("{9A19103F-16F7-4668-BE54-9A1E7A4F7556}") = "WebApi.IntegrationTests", "WebApi.IntegrationTests\WebApi.IntegrationTests.csproj", "{08CFBE48-56D7-412F-942B-5B7B5569702E}"
EndProject
Project("{9A19103F-16F7-4668-BE54-9A1E7A4F7556}") = "BusinessLogic.UnitTests", "BusinessLogic.UnitTests\BusinessLogic.UnitTests.csproj", "{E223088C-B5AF-48CE-AF10-E9C0B35BA71C}"
EndProject
Project("{2150E333-8FDC-42A3-9474-1A3956D46DE8}") = "Tests", "Tests", "{879C6520-8B4A-499E-BB25-328ACC01C91D}"
EndProject
Project("{2150E333-8FDC-42A3-9474-1A3956D46DE8}") = "IntegrationTests", "IntegrationTests", "{50C05DF1-2CD4-46B5-BF85-839676ECA24F}"
EndProject
Project("{2150E333-8FDC-42A3-9474-1A3956D46DE8}") = "UnitTests", "UnitTests", "{3ABF81FE-2CFC-49DC-B675-A4025C327CC0}"
EndProject
Project("{FAE04EC0-301F-11D3-BF4B-00C04F79EFBC}") = "IntegrationTestsCore", "IntegrationTestsCore\IntegrationTestsCore.csproj", "{44E28614-D273-43EA-928E-8519211A4C18}"
EndProject
Global
	GlobalSection(SolutionConfigurationPlatforms) = preSolution
		Debug|Any CPU = Debug|Any CPU
		Release|Any CPU = Release|Any CPU
	EndGlobalSection
	GlobalSection(ProjectConfigurationPlatforms) = postSolution
		{E161D322-CA37-4BB0-B73B-36314F80B603}.Debug|Any CPU.ActiveCfg = Debug|Any CPU
		{E161D322-CA37-4BB0-B73B-36314F80B603}.Debug|Any CPU.Build.0 = Debug|Any CPU
		{E161D322-CA37-4BB0-B73B-36314F80B603}.Release|Any CPU.ActiveCfg = Release|Any CPU
		{E161D322-CA37-4BB0-B73B-36314F80B603}.Release|Any CPU.Build.0 = Release|Any CPU
		{E0F84CC8-2896-4A36-AC92-585B914AFE89}.Debug|Any CPU.ActiveCfg = Debug|Any CPU
		{E0F84CC8-2896-4A36-AC92-585B914AFE89}.Debug|Any CPU.Build.0 = Debug|Any CPU
		{E0F84CC8-2896-4A36-AC92-585B914AFE89}.Release|Any CPU.ActiveCfg = Release|Any CPU
		{E0F84CC8-2896-4A36-AC92-585B914AFE89}.Release|Any CPU.Build.0 = Release|Any CPU
		{88AB545C-B9F8-4CAA-BF40-DAA3E4B2786D}.Debug|Any CPU.ActiveCfg = Debug|Any CPU
		{88AB545C-B9F8-4CAA-BF40-DAA3E4B2786D}.Debug|Any CPU.Build.0 = Debug|Any CPU
		{88AB545C-B9F8-4CAA-BF40-DAA3E4B2786D}.Release|Any CPU.ActiveCfg = Release|Any CPU
		{88AB545C-B9F8-4CAA-BF40-DAA3E4B2786D}.Release|Any CPU.Build.0 = Release|Any CPU
		{DE076320-7676-4552-A70F-D769B3578982}.Debug|Any CPU.ActiveCfg = Debug|Any CPU
		{DE076320-7676-4552-A70F-D769B3578982}.Debug|Any CPU.Build.0 = Debug|Any CPU
		{DE076320-7676-4552-A70F-D769B3578982}.Release|Any CPU.ActiveCfg = Release|Any CPU
		{DE076320-7676-4552-A70F-D769B3578982}.Release|Any CPU.Build.0 = Release|Any CPU
		{4120CE57-58F9-4DA8-A789-5C05E210C3CC}.Debug|Any CPU.ActiveCfg = Debug|Any CPU
		{4120CE57-58F9-4DA8-A789-5C05E210C3CC}.Debug|Any CPU.Build.0 = Debug|Any CPU
		{4120CE57-58F9-4DA8-A789-5C05E210C3CC}.Release|Any CPU.ActiveCfg = Release|Any CPU
		{4120CE57-58F9-4DA8-A789-5C05E210C3CC}.Release|Any CPU.Build.0 = Release|Any CPU
		{08CFBE48-56D7-412F-942B-5B7B5569702E}.Debug|Any CPU.ActiveCfg = Debug|Any CPU
		{08CFBE48-56D7-412F-942B-5B7B5569702E}.Debug|Any CPU.Build.0 = Debug|Any CPU
		{08CFBE48-56D7-412F-942B-5B7B5569702E}.Release|Any CPU.ActiveCfg = Release|Any CPU
		{08CFBE48-56D7-412F-942B-5B7B5569702E}.Release|Any CPU.Build.0 = Release|Any CPU
		{E223088C-B5AF-48CE-AF10-E9C0B35BA71C}.Debug|Any CPU.ActiveCfg = Debug|Any CPU
		{E223088C-B5AF-48CE-AF10-E9C0B35BA71C}.Debug|Any CPU.Build.0 = Debug|Any CPU
		{E223088C-B5AF-48CE-AF10-E9C0B35BA71C}.Release|Any CPU.ActiveCfg = Release|Any CPU
		{E223088C-B5AF-48CE-AF10-E9C0B35BA71C}.Release|Any CPU.Build.0 = Release|Any CPU
		{44E28614-D273-43EA-928E-8519211A4C18}.Debug|Any CPU.ActiveCfg = Debug|Any CPU
		{44E28614-D273-43EA-928E-8519211A4C18}.Debug|Any CPU.Build.0 = Debug|Any CPU
		{44E28614-D273-43EA-928E-8519211A4C18}.Release|Any CPU.ActiveCfg = Release|Any CPU
		{44E28614-D273-43EA-928E-8519211A4C18}.Release|Any CPU.Build.0 = Release|Any CPU
	EndGlobalSection
	GlobalSection(SolutionProperties) = preSolution
		HideSolutionNode = FALSE
	EndGlobalSection
	GlobalSection(NestedProjects) = preSolution
		{DE076320-7676-4552-A70F-D769B3578982} = {50C05DF1-2CD4-46B5-BF85-839676ECA24F}
		{4120CE57-58F9-4DA8-A789-5C05E210C3CC} = {3ABF81FE-2CFC-49DC-B675-A4025C327CC0}
		{08CFBE48-56D7-412F-942B-5B7B5569702E} = {50C05DF1-2CD4-46B5-BF85-839676ECA24F}
		{E223088C-B5AF-48CE-AF10-E9C0B35BA71C} = {3ABF81FE-2CFC-49DC-B675-A4025C327CC0}
		{50C05DF1-2CD4-46B5-BF85-839676ECA24F} = {879C6520-8B4A-499E-BB25-328ACC01C91D}
		{3ABF81FE-2CFC-49DC-B675-A4025C327CC0} = {879C6520-8B4A-499E-BB25-328ACC01C91D}
		{44E28614-D273-43EA-928E-8519211A4C18} = {50C05DF1-2CD4-46B5-BF85-839676ECA24F}
	EndGlobalSection
	GlobalSection(ExtensibilityGlobals) = postSolution
		SolutionGuid = {993A6B1A-A5FD-4F47-9FDE-8C3DD02ADE2F}
	EndGlobalSection
EndGlobal
